
Microsoft Visual Studio Solution File, Format Version 12.00
# Visual Studio Version 16
VisualStudioVersion = 16.0.31702.278
MinimumVisualStudioVersion = 10.0.40219.1
Project("{9A19103F-16F7-4668-BE54-9A1E7A4F7556}") = "HW2-RentACar.API", "HW2-RentACar.API\HW2-RentACar.API.csproj", "{DAD89A0F-83D7-4F2E-9004-079B3EC915BC}"
EndProject
Project("{9A19103F-16F7-4668-BE54-9A1E7A4F7556}") = "HW2-RenACar.Domain", "HW2-RenACar.Domain\HW2-RenACar.Domain.csproj", "{0096930D-A645-491C-824C-19BDF9FAA5F6}"
EndProject
Project("{9A19103F-16F7-4668-BE54-9A1E7A4F7556}") = "HW2-RentACar.Infrastructure", "HW2-RentACar.Infrastructure\HW2-RentACar.Infrastructure.csproj", "{F76E63C4-E6C9-437F-92CF-3D41AC4B4EC6}"
EndProject
Project("{9A19103F-16F7-4668-BE54-9A1E7A4F7556}") = "HW2-RentACar.Application", "HW2-RentACar.Application\HW2-RentACar.Application.csproj", "{986376FA-510E-4D33-9866-C523C0FE3F22}"
EndProject
Project("{E53339B2-1760-4266-BCC7-CA923CBCF16C}") = "docker-compose", "docker-compose.dcproj", "{66F42369-9838-4697-8793-9CABCDFF90CD}"
EndProject
Global
	GlobalSection(SolutionConfigurationPlatforms) = preSolution
		Debug|Any CPU = Debug|Any CPU
		Release|Any CPU = Release|Any CPU
	EndGlobalSection
	GlobalSection(ProjectConfigurationPlatforms) = postSolution
		{DAD89A0F-83D7-4F2E-9004-079B3EC915BC}.Debug|Any CPU.ActiveCfg = Debug|Any CPU
		{DAD89A0F-83D7-4F2E-9004-079B3EC915BC}.Debug|Any CPU.Build.0 = Debug|Any CPU
		{DAD89A0F-83D7-4F2E-9004-079B3EC915BC}.Release|Any CPU.ActiveCfg = Release|Any CPU
		{DAD89A0F-83D7-4F2E-9004-079B3EC915BC}.Release|Any CPU.Build.0 = Release|Any CPU
		{0096930D-A645-491C-824C-19BDF9FAA5F6}.Debug|Any CPU.ActiveCfg = Debug|Any CPU
		{0096930D-A645-491C-824C-19BDF9FAA5F6}.Debug|Any CPU.Build.0 = Debug|Any CPU
		{0096930D-A645-491C-824C-19BDF9FAA5F6}.Release|Any CPU.ActiveCfg = Release|Any CPU
		{0096930D-A645-491C-824C-19BDF9FAA5F6}.Release|Any CPU.Build.0 = Release|Any CPU
		{F76E63C4-E6C9-437F-92CF-3D41AC4B4EC6}.Debug|Any CPU.ActiveCfg = Debug|Any CPU
		{F76E63C4-E6C9-437F-92CF-3D41AC4B4EC6}.Debug|Any CPU.Build.0 = Debug|Any CPU
		{F76E63C4-E6C9-437F-92CF-3D41AC4B4EC6}.Release|Any CPU.ActiveCfg = Release|Any CPU
		{F76E63C4-E6C9-437F-92CF-3D41AC4B4EC6}.Release|Any CPU.Build.0 = Release|Any CPU
		{986376FA-510E-4D33-9866-C523C0FE3F22}.Debug|Any CPU.ActiveCfg = Debug|Any CPU
		{986376FA-510E-4D33-9866-C523C0FE3F22}.Debug|Any CPU.Build.0 = Debug|Any CPU
		{986376FA-510E-4D33-9866-C523C0FE3F22}.Release|Any CPU.ActiveCfg = Release|Any CPU
		{986376FA-510E-4D33-9866-C523C0FE3F22}.Release|Any CPU.Build.0 = Release|Any CPU
		{66F42369-9838-4697-8793-9CABCDFF90CD}.Debug|Any CPU.ActiveCfg = Debug|Any CPU
		{66F42369-9838-4697-8793-9CABCDFF90CD}.Debug|Any CPU.Build.0 = Debug|Any CPU
		{66F42369-9838-4697-8793-9CABCDFF90CD}.Release|Any CPU.ActiveCfg = Release|Any CPU
		{66F42369-9838-4697-8793-9CABCDFF90CD}.Release|Any CPU.Build.0 = Release|Any CPU
	EndGlobalSection
	GlobalSection(SolutionProperties) = preSolution
		HideSolutionNode = FALSE
	EndGlobalSection
	GlobalSection(ExtensibilityGlobals) = postSolution
		SolutionGuid = {CC02ACA9-FE10-4AD9-B1D7-0DB11E6C28E5}
	EndGlobalSection
EndGlobal
